
Microsoft Visual Studio Solution File, Format Version 12.00
# Visual Studio 15
VisualStudioVersion = 15.0.27428.2027
MinimumVisualStudioVersion = 10.0.40219.1
Project("{FAE04EC0-301F-11D3-BF4B-00C04F79EFBC}") = "QK.Framework", "QK.Framework\QK.Framework.csproj", "{99402F94-B58C-4320-AB4B-16BFC7437608}"
EndProject
Global
	GlobalSection(SolutionConfigurationPlatforms) = preSolution
		Debug|Any CPU = Debug|Any CPU
		Release|Any CPU = Release|Any CPU
	EndGlobalSection
	GlobalSection(ProjectConfigurationPlatforms) = postSolution
		{99402F94-B58C-4320-AB4B-16BFC7437608}.Debug|Any CPU.ActiveCfg = Debug|Any CPU
		{99402F94-B58C-4320-AB4B-16BFC7437608}.Debug|Any CPU.Build.0 = Debug|Any CPU
		{99402F94-B58C-4320-AB4B-16BFC7437608}.Release|Any CPU.ActiveCfg = Release|Any CPU
		{99402F94-B58C-4320-AB4B-16BFC7437608}.Release|Any CPU.Build.0 = Release|Any CPU
	EndGlobalSection
	GlobalSection(SolutionProperties) = preSolution
		HideSolutionNode = FALSE
	EndGlobalSection
	GlobalSection(ExtensibilityGlobals) = postSolution
		SolutionGuid = {539D4D2F-6073-4E5F-A876-77F9F9CA4F75}
	EndGlobalSection
EndGlobal
